// !$*UTF8*$!
{
	archiveVersion = 1;
	classes = {
	};
	objectVersion = 46;
	objects = {

/* Begin PBXBuildFile section */
		5FD8F08F1A6E4731004A8F98 /* PollTest1.png in Resources */ = {isa = PBXBuildFile; fileRef = 5FD8F08C1A6E4731004A8F98 /* PollTest1.png */; };
		5FD8F0901A6E4731004A8F98 /* PollTest2.png in Resources */ = {isa = PBXBuildFile; fileRef = 5FD8F08D1A6E4731004A8F98 /* PollTest2.png */; };
		5FD8F0911A6E4731004A8F98 /* PollTest3.png in Resources */ = {isa = PBXBuildFile; fileRef = 5FD8F08E1A6E4731004A8F98 /* PollTest3.png */; };
		5FD8F0981A6E5849004A8F98 /* photo1.png in Resources */ = {isa = PBXBuildFile; fileRef = 5FD8F0921A6E5849004A8F98 /* photo1.png */; };
		5FD8F0991A6E5849004A8F98 /* photo2.png in Resources */ = {isa = PBXBuildFile; fileRef = 5FD8F0931A6E5849004A8F98 /* photo2.png */; };
		5FD8F09A1A6E5849004A8F98 /* photo3.png in Resources */ = {isa = PBXBuildFile; fileRef = 5FD8F0941A6E5849004A8F98 /* photo3.png */; };
		5FD8F09B1A6E5849004A8F98 /* photo4.png in Resources */ = {isa = PBXBuildFile; fileRef = 5FD8F0951A6E5849004A8F98 /* photo4.png */; };
		5FD8F09C1A6E5849004A8F98 /* photo5.png in Resources */ = {isa = PBXBuildFile; fileRef = 5FD8F0961A6E5849004A8F98 /* photo5.png */; };
		5FD8F09D1A6E5849004A8F98 /* slow.png in Resources */ = {isa = PBXBuildFile; fileRef = 5FD8F0971A6E5849004A8F98 /* slow.png */; };
		FE0795C21A6E167D00673A27 /* main.m in Sources */ = {isa = PBXBuildFile; fileRef = FE0795C11A6E167D00673A27 /* main.m */; };
		FE0795C51A6E167D00673A27 /* AppDelegate.m in Sources */ = {isa = PBXBuildFile; fileRef = FE0795C41A6E167D00673A27 /* AppDelegate.m */; };
		FE0795C81A6E167D00673A27 /* ViewController.m in Sources */ = {isa = PBXBuildFile; fileRef = FE0795C71A6E167D00673A27 /* ViewController.m */; };
		FE0795CB1A6E167D00673A27 /* Main.storyboard in Resources */ = {isa = PBXBuildFile; fileRef = FE0795C91A6E167D00673A27 /* Main.storyboard */; };
		FE0795CD1A6E167D00673A27 /* Images.xcassets in Resources */ = {isa = PBXBuildFile; fileRef = FE0795CC1A6E167D00673A27 /* Images.xcassets */; };
		FE0795D01A6E167D00673A27 /* LaunchScreen.xib in Resources */ = {isa = PBXBuildFile; fileRef = FE0795CE1A6E167D00673A27 /* LaunchScreen.xib */; };
		FE0795DC1A6E167D00673A27 /* PollariseTests.m in Sources */ = {isa = PBXBuildFile; fileRef = FE0795DB1A6E167D00673A27 /* PollariseTests.m */; };
/* End PBXBuildFile section */

/* Begin PBXContainerItemProxy section */
		FE0795D61A6E167D00673A27 /* PBXContainerItemProxy */ = {
			isa = PBXContainerItemProxy;
			containerPortal = FE0795B41A6E167D00673A27 /* Project object */;
			proxyType = 1;
			remoteGlobalIDString = FE0795BB1A6E167D00673A27;
			remoteInfo = Pollarise;
		};
/* End PBXContainerItemProxy section */

/* Begin PBXFileReference section */
		5FD8F08C1A6E4731004A8F98 /* PollTest1.png */ = {isa = PBXFileReference; lastKnownFileType = image.png; path = PollTest1.png; sourceTree = "<group>"; };
		5FD8F08D1A6E4731004A8F98 /* PollTest2.png */ = {isa = PBXFileReference; lastKnownFileType = image.png; path = PollTest2.png; sourceTree = "<group>"; };
		5FD8F08E1A6E4731004A8F98 /* PollTest3.png */ = {isa = PBXFileReference; lastKnownFileType = image.png; path = PollTest3.png; sourceTree = "<group>"; };
		5FD8F0921A6E5849004A8F98 /* photo1.png */ = {isa = PBXFileReference; lastKnownFileType = image.png; path = photo1.png; sourceTree = "<group>"; };
		5FD8F0931A6E5849004A8F98 /* photo2.png */ = {isa = PBXFileReference; lastKnownFileType = image.png; path = photo2.png; sourceTree = "<group>"; };
		5FD8F0941A6E5849004A8F98 /* photo3.png */ = {isa = PBXFileReference; lastKnownFileType = image.png; path = photo3.png; sourceTree = "<group>"; };
		5FD8F0951A6E5849004A8F98 /* photo4.png */ = {isa = PBXFileReference; lastKnownFileType = image.png; path = photo4.png; sourceTree = "<group>"; };
		5FD8F0961A6E5849004A8F98 /* photo5.png */ = {isa = PBXFileReference; lastKnownFileType = image.png; path = photo5.png; sourceTree = "<group>"; };
		5FD8F0971A6E5849004A8F98 /* slow.png */ = {isa = PBXFileReference; lastKnownFileType = image.png; path = slow.png; sourceTree = "<group>"; };
		FE0795BC1A6E167D00673A27 /* Pollarise.app */ = {isa = PBXFileReference; explicitFileType = wrapper.application; includeInIndex = 0; path = Pollarise.app; sourceTree = BUILT_PRODUCTS_DIR; };
		FE0795C01A6E167D00673A27 /* Info.plist */ = {isa = PBXFileReference; lastKnownFileType = text.plist.xml; path = Info.plist; sourceTree = "<group>"; };
		FE0795C11A6E167D00673A27 /* main.m */ = {isa = PBXFileReference; lastKnownFileType = sourcecode.c.objc; path = main.m; sourceTree = "<group>"; };
		FE0795C31A6E167D00673A27 /* AppDelegate.h */ = {isa = PBXFileReference; lastKnownFileType = sourcecode.c.h; path = AppDelegate.h; sourceTree = "<group>"; };
		FE0795C41A6E167D00673A27 /* AppDelegate.m */ = {isa = PBXFileReference; lastKnownFileType = sourcecode.c.objc; path = AppDelegate.m; sourceTree = "<group>"; };
		FE0795C61A6E167D00673A27 /* ViewController.h */ = {isa = PBXFileReference; lastKnownFileType = sourcecode.c.h; path = ViewController.h; sourceTree = "<group>"; };
		FE0795C71A6E167D00673A27 /* ViewController.m */ = {isa = PBXFileReference; lastKnownFileType = sourcecode.c.objc; path = ViewController.m; sourceTree = "<group>"; };
		FE0795CA1A6E167D00673A27 /* Base */ = {isa = PBXFileReference; lastKnownFileType = file.storyboard; name = Base; path = Base.lproj/Main.storyboard; sourceTree = "<group>"; };
		FE0795CC1A6E167D00673A27 /* Images.xcassets */ = {isa = PBXFileReference; lastKnownFileType = folder.assetcatalog; path = Images.xcassets; sourceTree = "<group>"; };
		FE0795CF1A6E167D00673A27 /* Base */ = {isa = PBXFileReference; lastKnownFileType = file.xib; name = Base; path = Base.lproj/LaunchScreen.xib; sourceTree = "<group>"; };
		FE0795D51A6E167D00673A27 /* PollariseTests.xctest */ = {isa = PBXFileReference; explicitFileType = wrapper.cfbundle; includeInIndex = 0; path = PollariseTests.xctest; sourceTree = BUILT_PRODUCTS_DIR; };
		FE0795DA1A6E167D00673A27 /* Info.plist */ = {isa = PBXFileReference; lastKnownFileType = text.plist.xml; path = Info.plist; sourceTree = "<group>"; };
		FE0795DB1A6E167D00673A27 /* PollariseTests.m */ = {isa = PBXFileReference; lastKnownFileType = sourcecode.c.objc; path = PollariseTests.m; sourceTree = "<group>"; };
/* End PBXFileReference section */

/* Begin PBXFrameworksBuildPhase section */
		FE0795B91A6E167D00673A27 /* Frameworks */ = {
			isa = PBXFrameworksBuildPhase;
			buildActionMask = 2147483647;
			files = (
			);
			runOnlyForDeploymentPostprocessing = 0;
		};
		FE0795D21A6E167D00673A27 /* Frameworks */ = {
			isa = PBXFrameworksBuildPhase;
			buildActionMask = 2147483647;
			files = (
			);
			runOnlyForDeploymentPostprocessing = 0;
		};
/* End PBXFrameworksBuildPhase section */

/* Begin PBXGroup section */
		FE0795B31A6E167D00673A27 = {
			isa = PBXGroup;
			children = (
				FE0795BE1A6E167D00673A27 /* Pollarise */,
				FE0795D81A6E167D00673A27 /* PollariseTests */,
				FE0795BD1A6E167D00673A27 /* Products */,
			);
			sourceTree = "<group>";
		};
		FE0795BD1A6E167D00673A27 /* Products */ = {
			isa = PBXGroup;
			children = (
				FE0795BC1A6E167D00673A27 /* Pollarise.app */,
				FE0795D51A6E167D00673A27 /* PollariseTests.xctest */,
			);
			name = Products;
			sourceTree = "<group>";
		};
		FE0795BE1A6E167D00673A27 /* Pollarise */ = {
			isa = PBXGroup;
			children = (
				FE0795C31A6E167D00673A27 /* AppDelegate.h */,
				FE0795C41A6E167D00673A27 /* AppDelegate.m */,
				FE0795C61A6E167D00673A27 /* ViewController.h */,
				FE0795C71A6E167D00673A27 /* ViewController.m */,
				FE0795C91A6E167D00673A27 /* Main.storyboard */,
				FE0795CC1A6E167D00673A27 /* Images.xcassets */,
				FE0795CE1A6E167D00673A27 /* LaunchScreen.xib */,
				FE0795BF1A6E167D00673A27 /* Supporting Files */,
			);
			path = Pollarise;
			sourceTree = "<group>";
		};
		FE0795BF1A6E167D00673A27 /* Supporting Files */ = {
			isa = PBXGroup;
			children = (
				5FD8F08C1A6E4731004A8F98 /* PollTest1.png */,
				5FD8F08D1A6E4731004A8F98 /* PollTest2.png */,
				5FD8F08E1A6E4731004A8F98 /* PollTest3.png */,
				FE0795C01A6E167D00673A27 /* Info.plist */,
				5FD8F0921A6E5849004A8F98 /* photo1.png */,
				5FD8F0931A6E5849004A8F98 /* photo2.png */,
				5FD8F0941A6E5849004A8F98 /* photo3.png */,
				5FD8F0951A6E5849004A8F98 /* photo4.png */,
				5FD8F0961A6E5849004A8F98 /* photo5.png */,
				5FD8F0971A6E5849004A8F98 /* slow.png */,
				FE0795C11A6E167D00673A27 /* main.m */,
			);
			name = "Supporting Files";
			sourceTree = "<group>";
		};
		FE0795D81A6E167D00673A27 /* PollariseTests */ = {
			isa = PBXGroup;
			children = (
				FE0795DB1A6E167D00673A27 /* PollariseTests.m */,
				FE0795D91A6E167D00673A27 /* Supporting Files */,
			);
			path = PollariseTests;
			sourceTree = "<group>";
		};
		FE0795D91A6E167D00673A27 /* Supporting Files */ = {
			isa = PBXGroup;
			children = (
				FE0795DA1A6E167D00673A27 /* Info.plist */,
			);
			name = "Supporting Files";
			sourceTree = "<group>";
		};
/* End PBXGroup section */

/* Begin PBXNativeTarget section */
		FE0795BB1A6E167D00673A27 /* Pollarise */ = {
			isa = PBXNativeTarget;
			buildConfigurationList = FE0795DF1A6E167D00673A27 /* Build configuration list for PBXNativeTarget "Pollarise" */;
			buildPhases = (
				FE0795B81A6E167D00673A27 /* Sources */,
				FE0795B91A6E167D00673A27 /* Frameworks */,
				FE0795BA1A6E167D00673A27 /* Resources */,
			);
			buildRules = (
			);
			dependencies = (
			);
			name = Pollarise;
			productName = Pollarise;
			productReference = FE0795BC1A6E167D00673A27 /* Pollarise.app */;
			productType = "com.apple.product-type.application";
		};
		FE0795D41A6E167D00673A27 /* PollariseTests */ = {
			isa = PBXNativeTarget;
			buildConfigurationList = FE0795E21A6E167D00673A27 /* Build configuration list for PBXNativeTarget "PollariseTests" */;
			buildPhases = (
				FE0795D11A6E167D00673A27 /* Sources */,
				FE0795D21A6E167D00673A27 /* Frameworks */,
				FE0795D31A6E167D00673A27 /* Resources */,
			);
			buildRules = (
			);
			dependencies = (
				FE0795D71A6E167D00673A27 /* PBXTargetDependency */,
			);
			name = PollariseTests;
			productName = PollariseTests;
			productReference = FE0795D51A6E167D00673A27 /* PollariseTests.xctest */;
			productType = "com.apple.product-type.bundle.unit-test";
		};
/* End PBXNativeTarget section */

/* Begin PBXProject section */
		FE0795B41A6E167D00673A27 /* Project object */ = {
			isa = PBXProject;
			attributes = {
				LastUpgradeCheck = 0610;
				ORGANIZATIONNAME = "Volga Infotech";
				TargetAttributes = {
					FE0795BB1A6E167D00673A27 = {
						CreatedOnToolsVersion = 6.1.1;
					};
					FE0795D41A6E167D00673A27 = {
						CreatedOnToolsVersion = 6.1.1;
						TestTargetID = FE0795BB1A6E167D00673A27;
					};
				};
			};
			buildConfigurationList = FE0795B71A6E167D00673A27 /* Build configuration list for PBXProject "Pollarise" */;
			compatibilityVersion = "Xcode 3.2";
			developmentRegion = English;
			hasScannedForEncodings = 0;
			knownRegions = (
				en,
				Base,
			);
			mainGroup = FE0795B31A6E167D00673A27;
			productRefGroup = FE0795BD1A6E167D00673A27 /* Products */;
			projectDirPath = "";
			projectRoot = "";
			targets = (
				FE0795BB1A6E167D00673A27 /* Pollarise */,
				FE0795D41A6E167D00673A27 /* PollariseTests */,
			);
		};
/* End PBXProject section */

/* Begin PBXResourcesBuildPhase section */
		FE0795BA1A6E167D00673A27 /* Resources */ = {
			isa = PBXResourcesBuildPhase;
			buildActionMask = 2147483647;
			files = (
				5FD8F08F1A6E4731004A8F98 /* PollTest1.png in Resources */,
				5FD8F0991A6E5849004A8F98 /* photo2.png in Resources */,
				FE0795CB1A6E167D00673A27 /* Main.storyboard in Resources */,
				5FD8F0911A6E4731004A8F98 /* PollTest3.png in Resources */,
				5FD8F0981A6E5849004A8F98 /* photo1.png in Resources */,
				5FD8F09B1A6E5849004A8F98 /* photo4.png in Resources */,
				5FD8F09C1A6E5849004A8F98 /* photo5.png in Resources */,
				FE0795D01A6E167D00673A27 /* LaunchScreen.xib in Resources */,
				5FD8F09D1A6E5849004A8F98 /* slow.png in Resources */,
				FE0795CD1A6E167D00673A27 /* Images.xcassets in Resources */,
				5FD8F09A1A6E5849004A8F98 /* photo3.png in Resources */,
				5FD8F0901A6E4731004A8F98 /* PollTest2.png in Resources */,
			);
			runOnlyForDeploymentPostprocessing = 0;
		};
		FE0795D31A6E167D00673A27 /* Resources */ = {
			isa = PBXResourcesBuildPhase;
			buildActionMask = 2147483647;
			files = (
			);
			runOnlyForDeploymentPostprocessing = 0;
		};
/* End PBXResourcesBuildPhase section */

/* Begin PBXSourcesBuildPhase section */
		FE0795B81A6E167D00673A27 /* Sources */ = {
			isa = PBXSourcesBuildPhase;
			buildActionMask = 2147483647;
			files = (
				FE0795C81A6E167D00673A27 /* ViewController.m in Sources */,
				FE0795C51A6E167D00673A27 /* AppDelegate.m in Sources */,
				FE0795C21A6E167D00673A27 /* main.m in Sources */,
			);
			runOnlyForDeploymentPostprocessing = 0;
		};
		FE0795D11A6E167D00673A27 /* Sources */ = {
			isa = PBXSourcesBuildPhase;
			buildActionMask = 2147483647;
			files = (
				FE0795DC1A6E167D00673A27 /* PollariseTests.m in Sources */,
			);
			runOnlyForDeploymentPostprocessing = 0;
		};
/* End PBXSourcesBuildPhase section */

/* Begin PBXTargetDependency section */
		FE0795D71A6E167D00673A27 /* PBXTargetDependency */ = {
			isa = PBXTargetDependency;
			target = FE0795BB1A6E167D00673A27 /* Pollarise */;
			targetProxy = FE0795D61A6E167D00673A27 /* PBXContainerItemProxy */;
		};
/* End PBXTargetDependency section */

/* Begin PBXVariantGroup section */
		FE0795C91A6E167D00673A27 /* Main.storyboard */ = {
			isa = PBXVariantGroup;
			children = (
				FE0795CA1A6E167D00673A27 /* Base */,
			);
			name = Main.storyboard;
			sourceTree = "<group>";
		};
		FE0795CE1A6E167D00673A27 /* LaunchScreen.xib */ = {
			isa = PBXVariantGroup;
			children = (
				FE0795CF1A6E167D00673A27 /* Base */,
			);
			name = LaunchScreen.xib;
			sourceTree = "<group>";
		};
/* End PBXVariantGroup section */

/* Begin XCBuildConfiguration section */
		FE0795DD1A6E167D00673A27 /* Debug */ = {
			isa = XCBuildConfiguration;
			buildSettings = {
				ALWAYS_SEARCH_USER_PATHS = NO;
				CLANG_CXX_LANGUAGE_STANDARD = "gnu++0x";
				CLANG_CXX_LIBRARY = "libc++";
				CLANG_ENABLE_MODULES = YES;
				CLANG_ENABLE_OBJC_ARC = YES;
				CLANG_WARN_BOOL_CONVERSION = YES;
				CLANG_WARN_CONSTANT_CONVERSION = YES;
				CLANG_WARN_DIRECT_OBJC_ISA_USAGE = YES_ERROR;
				CLANG_WARN_EMPTY_BODY = YES;
				CLANG_WARN_ENUM_CONVERSION = YES;
				CLANG_WARN_INT_CONVERSION = YES;
				CLANG_WARN_OBJC_ROOT_CLASS = YES_ERROR;
				CLANG_WARN_UNREACHABLE_CODE = YES;
				CLANG_WARN__DUPLICATE_METHOD_MATCH = YES;
				"CODE_SIGN_IDENTITY[sdk=iphoneos*]" = "iPhone Developer";
				COPY_PHASE_STRIP = NO;
				ENABLE_STRICT_OBJC_MSGSEND = YES;
				GCC_C_LANGUAGE_STANDARD = gnu99;
				GCC_DYNAMIC_NO_PIC = NO;
				GCC_OPTIMIZATION_LEVEL = 0;
				GCC_PREPROCESSOR_DEFINITIONS = (
					"DEBUG=1",
					"$(inherited)",
				);
				GCC_SYMBOLS_PRIVATE_EXTERN = NO;
				GCC_WARN_64_TO_32_BIT_CONVERSION = YES;
				GCC_WARN_ABOUT_RETURN_TYPE = YES_ERROR;
				GCC_WARN_UNDECLARED_SELECTOR = YES;
				GCC_WARN_UNINITIALIZED_AUTOS = YES_AGGRESSIVE;
				GCC_WARN_UNUSED_FUNCTION = YES;
				GCC_WARN_UNUSED_VARIABLE = YES;
				IPHONEOS_DEPLOYMENT_TARGET = 8.1;
				MTL_ENABLE_DEBUG_INFO = YES;
				ONLY_ACTIVE_ARCH = YES;
				SDKROOT = iphoneos;
			};
			name = Debug;
		};
		FE0795DE1A6E167D00673A27 /* Release */ = {
			isa = XCBuildConfiguration;
			buildSettings = {
				ALWAYS_SEARCH_USER_PATHS = NO;
				CLANG_CXX_LANGUAGE_STANDARD = "gnu++0x";
				CLANG_CXX_LIBRARY = "libc++";
				CLANG_ENABLE_MODULES = YES;
				CLANG_ENABLE_OBJC_ARC = YES;
				CLANG_WARN_BOOL_CONVERSION = YES;
				CLANG_WARN_CONSTANT_CONVERSION = YES;
				CLANG_WARN_DIRECT_OBJC_ISA_USAGE = YES_ERROR;
				CLANG_WARN_EMPTY_BODY = YES;
				CLANG_WARN_ENUM_CONVERSION = YES;
				CLANG_WARN_INT_CONVERSION = YES;
				CLANG_WARN_OBJC_ROOT_CLASS = YES_ERROR;
				CLANG_WARN_UNREACHABLE_CODE = YES;
				CLANG_WARN__DUPLICATE_METHOD_MATCH = YES;
				"CODE_SIGN_IDENTITY[sdk=iphoneos*]" = "iPhone Developer";
				COPY_PHASE_STRIP = YES;
				ENABLE_NS_ASSERTIONS = NO;
				ENABLE_STRICT_OBJC_MSGSEND = YES;
				GCC_C_LANGUAGE_STANDARD = gnu99;
				GCC_WARN_64_TO_32_BIT_CONVERSION = YES;
				GCC_WARN_ABOUT_RETURN_TYPE = YES_ERROR;
				GCC_WARN_UNDECLARED_SELECTOR = YES;
				GCC_WARN_UNINITIALIZED_AUTOS = YES_AGGRESSIVE;
				GCC_WARN_UNUSED_FUNCTION = YES;
				GCC_WARN_UNUSED_VARIABLE = YES;
				IPHONEOS_DEPLOYMENT_TARGET = 8.1;
				MTL_ENABLE_DEBUG_INFO = NO;
				SDKROOT = iphoneos;
				VALIDATE_PRODUCT = YES;
			};
			name = Release;
		};
		FE0795E01A6E167D00673A27 /* Debug */ = {
			isa = XCBuildConfiguration;
			buildSettings = {
				ASSETCATALOG_COMPILER_APPICON_NAME = AppIcon;
				INFOPLIST_FILE = Pollarise/Info.plist;
				LD_RUNPATH_SEARCH_PATHS = "$(inherited) @executable_path/Frameworks";
				PRODUCT_NAME = "$(TARGET_NAME)";
			};
			name = Debug;
		};
		FE0795E11A6E167D00673A27 /* Release */ = {
			isa = XCBuildConfiguration;
			buildSettings = {
				ASSETCATALOG_COMPILER_APPICON_NAME = AppIcon;
				INFOPLIST_FILE = Pollarise/Info.plist;
				LD_RUNPATH_SEARCH_PATHS = "$(inherited) @executable_path/Frameworks";
				PRODUCT_NAME = "$(TARGET_NAME)";
			};
			name = Release;
		};
		FE0795E31A6E167D00673A27 /* Debug */ = {
			isa = XCBuildConfiguration;
			buildSettings = {
				BUNDLE_LOADER = "$(TEST_HOST)";
				FRAMEWORK_SEARCH_PATHS = (
					"$(SDKROOT)/Developer/Library/Frameworks",
					"$(inherited)",
				);
				GCC_PREPROCESSOR_DEFINITIONS = (
					"DEBUG=1",
					"$(inherited)",
				);
				INFOPLIST_FILE = PollariseTests/Info.plist;
				LD_RUNPATH_SEARCH_PATHS = "$(inherited) @executable_path/Frameworks @loader_path/Frameworks";
				PRODUCT_NAME = "$(TARGET_NAME)";
				TEST_HOST = "$(BUILT_PRODUCTS_DIR)/Pollarise.app/Pollarise";
			};
			name = Debug;
		};
		FE0795E41A6E167D00673A27 /* Release */ = {
			isa = XCBuildConfiguration;
			buildSettings = {
				BUNDLE_LOADER = "$(TEST_HOST)";
				FRAMEWORK_SEARCH_PATHS = (
					"$(SDKROOT)/Developer/Library/Frameworks",
					"$(inherited)",
				);
				INFOPLIST_FILE = PollariseTests/Info.plist;
				LD_RUNPATH_SEARCH_PATHS = "$(inherited) @executable_path/Frameworks @loader_path/Frameworks";
				PRODUCT_NAME = "$(TARGET_NAME)";
				TEST_HOST = "$(BUILT_PRODUCTS_DIR)/Pollarise.app/Pollarise";
			};
			name = Release;
		};
/* End XCBuildConfiguration section */

/* Begin XCConfigurationList section */
		FE0795B71A6E167D00673A27 /* Build configuration list for PBXProject "Pollarise" */ = {
			isa = XCConfigurationList;
			buildConfigurations = (
				FE0795DD1A6E167D00673A27 /* Debug */,
				FE0795DE1A6E167D00673A27 /* Release */,
			);
			defaultConfigurationIsVisible = 0;
			defaultConfigurationName = Release;
		};
		FE0795DF1A6E167D00673A27 /* Build configuration list for PBXNativeTarget "Pollarise" */ = {
			isa = XCConfigurationList;
			buildConfigurations = (
				FE0795E01A6E167D00673A27 /* Debug */,
				FE0795E11A6E167D00673A27 /* Release */,
			);
			defaultConfigurationIsVisible = 0;
			defaultConfigurationName = Release;
		};
		FE0795E21A6E167D00673A27 /* Build configuration list for PBXNativeTarget "PollariseTests" */ = {
			isa = XCConfigurationList;
			buildConfigurations = (
				FE0795E31A6E167D00673A27 /* Debug */,
				FE0795E41A6E167D00673A27 /* Release */,
			);
			defaultConfigurationIsVisible = 0;
			defaultConfigurationName = Release;
		};
/* End XCConfigurationList section */
	};
	rootObject = FE0795B41A6E167D00673A27 /* Project object */;
}
